// !$*UTF8*$!
{
	archiveVersion = 1;
	classes = {
	};
	objectVersion = 46;
	objects = {

/* Begin PBXBuildFile section */
		2A3D3C91F5BDFB419F496E79 /* Pods_MetaCogApp.framework in Frameworks */ = {isa = PBXBuildFile; fileRef = 9F38C2B7FE84046D4825ED56 /* Pods_MetaCogApp.framework */; };
		C6434F531DBD6DBC00DB7FB9 /* PostsAndCommentsController.swift in Sources */ = {isa = PBXBuildFile; fileRef = C6434F521DBD6DBC00DB7FB9 /* PostsAndCommentsController.swift */; };
		C6434F551DBD74E800DB7FB9 /* Posts.swift in Sources */ = {isa = PBXBuildFile; fileRef = C6434F541DBD74E800DB7FB9 /* Posts.swift */; };
		C6FB88651DC00E9000AA160E /* CommentCell.swift in Sources */ = {isa = PBXBuildFile; fileRef = C6FB88641DC00E9000AA160E /* CommentCell.swift */; };
		C6FE37201DC5481F0044981B /* ProfileViewController.swift in Sources */ = {isa = PBXBuildFile; fileRef = C6FE371F1DC5481F0044981B /* ProfileViewController.swift */; };
		CC9CB1391DB96EF4001AF6C5 /* AppDelegate.swift in Sources */ = {isa = PBXBuildFile; fileRef = CC9CB1381DB96EF4001AF6C5 /* AppDelegate.swift */; };
		CC9CB13B1DB96EF4001AF6C5 /* ViewController.swift in Sources */ = {isa = PBXBuildFile; fileRef = CC9CB13A1DB96EF4001AF6C5 /* ViewController.swift */; };
		CC9CB13E1DB96EF4001AF6C5 /* Main.storyboard in Resources */ = {isa = PBXBuildFile; fileRef = CC9CB13C1DB96EF4001AF6C5 /* Main.storyboard */; };
		CC9CB1401DB96EF4001AF6C5 /* Assets.xcassets in Resources */ = {isa = PBXBuildFile; fileRef = CC9CB13F1DB96EF4001AF6C5 /* Assets.xcassets */; };
		CC9CB1431DB96EF4001AF6C5 /* LaunchScreen.storyboard in Resources */ = {isa = PBXBuildFile; fileRef = CC9CB1411DB96EF4001AF6C5 /* LaunchScreen.storyboard */; };
		CC9CB14B1DB973FB001AF6C5 /* MainViewController.swift in Sources */ = {isa = PBXBuildFile; fileRef = CC9CB14A1DB973FB001AF6C5 /* MainViewController.swift */; };
		CCC876221DB9796C00F93E81 /* CustomPostCell.swift in Sources */ = {isa = PBXBuildFile; fileRef = CCC876211DB9796C00F93E81 /* CustomPostCell.swift */; };
		CCC876241DB985C500F93E81 /* GoogleService-Info.plist in Resources */ = {isa = PBXBuildFile; fileRef = CCC876231DB985C500F93E81 /* GoogleService-Info.plist */; };
		CCC876271DB9879F00F93E81 /* User.swift in Sources */ = {isa = PBXBuildFile; fileRef = CCC876261DB9879F00F93E81 /* User.swift */; };
/* End PBXBuildFile section */

/* Begin PBXFileReference section */
		7042ACC78A75E08F9C9FE7A6 /* Pods-MetaCogApp.debug.xcconfig */ = {isa = PBXFileReference; includeInIndex = 1; lastKnownFileType = text.xcconfig; name = "Pods-MetaCogApp.debug.xcconfig"; path = "Pods/Target Support Files/Pods-MetaCogApp/Pods-MetaCogApp.debug.xcconfig"; sourceTree = "<group>"; };
		9F38C2B7FE84046D4825ED56 /* Pods_MetaCogApp.framework */ = {isa = PBXFileReference; explicitFileType = wrapper.framework; includeInIndex = 0; path = Pods_MetaCogApp.framework; sourceTree = BUILT_PRODUCTS_DIR; };
		C6434F521DBD6DBC00DB7FB9 /* PostsAndCommentsController.swift */ = {isa = PBXFileReference; fileEncoding = 4; lastKnownFileType = sourcecode.swift; path = PostsAndCommentsController.swift; sourceTree = "<group>"; };
		C6434F541DBD74E800DB7FB9 /* Posts.swift */ = {isa = PBXFileReference; fileEncoding = 4; lastKnownFileType = sourcecode.swift; path = Posts.swift; sourceTree = "<group>"; };
		C6FB88631DBEA29600AA160E /* MetaCogApp.entitlements */ = {isa = PBXFileReference; lastKnownFileType = text.plist.entitlements; name = MetaCogApp.entitlements; path = MetaCogApp/MetaCogApp.entitlements; sourceTree = "<group>"; };
		C6FB88641DC00E9000AA160E /* CommentCell.swift */ = {isa = PBXFileReference; fileEncoding = 4; lastKnownFileType = sourcecode.swift; name = CommentCell.swift; path = MetaCogApp/CommentCell.swift; sourceTree = "<group>"; };
		C6FE371F1DC5481F0044981B /* ProfileViewController.swift */ = {isa = PBXFileReference; fileEncoding = 4; lastKnownFileType = sourcecode.swift; name = ProfileViewController.swift; path = MetaCogApp/ProfileViewController.swift; sourceTree = "<group>"; };
		CC9CB1351DB96EF4001AF6C5 /* MetaCogApp.app */ = {isa = PBXFileReference; explicitFileType = wrapper.application; includeInIndex = 0; path = MetaCogApp.app; sourceTree = BUILT_PRODUCTS_DIR; };
		CC9CB1381DB96EF4001AF6C5 /* AppDelegate.swift */ = {isa = PBXFileReference; lastKnownFileType = sourcecode.swift; name = AppDelegate.swift; path = MetaCogApp/AppDelegate.swift; sourceTree = "<group>"; };
		CC9CB13A1DB96EF4001AF6C5 /* ViewController.swift */ = {isa = PBXFileReference; lastKnownFileType = sourcecode.swift; path = ViewController.swift; sourceTree = "<group>"; };
		CC9CB13D1DB96EF4001AF6C5 /* Base */ = {isa = PBXFileReference; lastKnownFileType = file.storyboard; name = Base; path = Base.lproj/Main.storyboard; sourceTree = "<group>"; };
		CC9CB13F1DB96EF4001AF6C5 /* Assets.xcassets */ = {isa = PBXFileReference; lastKnownFileType = folder.assetcatalog; path = Assets.xcassets; sourceTree = "<group>"; };
		CC9CB1421DB96EF4001AF6C5 /* Base */ = {isa = PBXFileReference; lastKnownFileType = file.storyboard; name = Base; path = Base.lproj/LaunchScreen.storyboard; sourceTree = "<group>"; };
		CC9CB1441DB96EF4001AF6C5 /* Info.plist */ = {isa = PBXFileReference; lastKnownFileType = text.plist.xml; path = Info.plist; sourceTree = "<group>"; };
		CC9CB14A1DB973FB001AF6C5 /* MainViewController.swift */ = {isa = PBXFileReference; fileEncoding = 4; lastKnownFileType = sourcecode.swift; path = MainViewController.swift; sourceTree = "<group>"; };
		CCC876211DB9796C00F93E81 /* CustomPostCell.swift */ = {isa = PBXFileReference; fileEncoding = 4; lastKnownFileType = sourcecode.swift; name = CustomPostCell.swift; path = MetaCogApp/CustomPostCell.swift; sourceTree = "<group>"; };
		CCC876231DB985C500F93E81 /* GoogleService-Info.plist */ = {isa = PBXFileReference; fileEncoding = 4; lastKnownFileType = text.plist.xml; name = "GoogleService-Info.plist"; path = "MetaCogApp/GoogleService-Info.plist"; sourceTree = "<group>"; };
		CCC876261DB9879F00F93E81 /* User.swift */ = {isa = PBXFileReference; fileEncoding = 4; lastKnownFileType = sourcecode.swift; path = User.swift; sourceTree = "<group>"; };
		F34473064C9430DC2E620D50 /* Pods-MetaCogApp.release.xcconfig */ = {isa = PBXFileReference; includeInIndex = 1; lastKnownFileType = text.xcconfig; name = "Pods-MetaCogApp.release.xcconfig"; path = "Pods/Target Support Files/Pods-MetaCogApp/Pods-MetaCogApp.release.xcconfig"; sourceTree = "<group>"; };
/* End PBXFileReference section */

/* Begin PBXFrameworksBuildPhase section */
		CC9CB1321DB96EF4001AF6C5 /* Frameworks */ = {
			isa = PBXFrameworksBuildPhase;
			buildActionMask = 2147483647;
			files = (
				2A3D3C91F5BDFB419F496E79 /* Pods_MetaCogApp.framework in Frameworks */,
			);
			runOnlyForDeploymentPostprocessing = 0;
		};
/* End PBXFrameworksBuildPhase section */

/* Begin PBXGroup section */
		51947DDDD73EB6AD039F5F7F /* Pods */ = {
			isa = PBXGroup;
			children = (
				7042ACC78A75E08F9C9FE7A6 /* Pods-MetaCogApp.debug.xcconfig */,
				F34473064C9430DC2E620D50 /* Pods-MetaCogApp.release.xcconfig */,
			);
			name = Pods;
			sourceTree = "<group>";
		};
		AB084CEC8781B0407EC815C0 /* Frameworks */ = {
			isa = PBXGroup;
			children = (
				9F38C2B7FE84046D4825ED56 /* Pods_MetaCogApp.framework */,
			);
			name = Frameworks;
			sourceTree = "<group>";
		};
		C6FE37211DC548E30044981B /* cell.swift */ = {
			isa = PBXGroup;
			children = (
				CCC876211DB9796C00F93E81 /* CustomPostCell.swift */,
				C6FB88641DC00E9000AA160E /* CommentCell.swift */,
			);
			name = cell.swift;
			sourceTree = "<group>";
		};
		CC9CB12C1DB96EF3001AF6C5 = {
			isa = PBXGroup;
			children = (
				C6FE371F1DC5481F0044981B /* ProfileViewController.swift */,
				CC9CB1381DB96EF4001AF6C5 /* AppDelegate.swift */,
				C6FB88631DBEA29600AA160E /* MetaCogApp.entitlements */,
				CCC876231DB985C500F93E81 /* GoogleService-Info.plist */,
				C6FE37211DC548E30044981B /* cell.swift */,
				CCC876251DB9879100F93E81 /* Model */,
				CC9CB1371DB96EF4001AF6C5 /* MetaCogApp */,
				CC9CB1361DB96EF4001AF6C5 /* Products */,
				51947DDDD73EB6AD039F5F7F /* Pods */,
				AB084CEC8781B0407EC815C0 /* Frameworks */,
			);
			sourceTree = "<group>";
		};
		CC9CB1361DB96EF4001AF6C5 /* Products */ = {
			isa = PBXGroup;
			children = (
				CC9CB1351DB96EF4001AF6C5 /* MetaCogApp.app */,
			);
			name = Products;
			sourceTree = "<group>";
		};
		CC9CB1371DB96EF4001AF6C5 /* MetaCogApp */ = {
			isa = PBXGroup;
			children = (
				CC9CB13A1DB96EF4001AF6C5 /* ViewController.swift */,
				CC9CB14A1DB973FB001AF6C5 /* MainViewController.swift */,
				C6434F521DBD6DBC00DB7FB9 /* PostsAndCommentsController.swift */,
				CC9CB13F1DB96EF4001AF6C5 /* Assets.xcassets */,
				CC9CB13C1DB96EF4001AF6C5 /* Main.storyboard */,
				CC9CB1411DB96EF4001AF6C5 /* LaunchScreen.storyboard */,
				CC9CB1441DB96EF4001AF6C5 /* Info.plist */,
			);
			path = MetaCogApp;
			sourceTree = "<group>";
		};
		CCC876251DB9879100F93E81 /* Model */ = {
			isa = PBXGroup;
			children = (
				CCC876261DB9879F00F93E81 /* User.swift */,
				C6434F541DBD74E800DB7FB9 /* Posts.swift */,
			);
			name = Model;
			sourceTree = "<group>";
		};
/* End PBXGroup section */

/* Begin PBXNativeTarget section */
		CC9CB1341DB96EF4001AF6C5 /* MetaCogApp */ = {
			isa = PBXNativeTarget;
			buildConfigurationList = CC9CB1471DB96EF4001AF6C5 /* Build configuration list for PBXNativeTarget "MetaCogApp" */;
			buildPhases = (
				66CDE70C521789E3FB5388B5 /* [CP] Check Pods Manifest.lock */,
				CC9CB1311DB96EF4001AF6C5 /* Sources */,
				CC9CB1321DB96EF4001AF6C5 /* Frameworks */,
				CC9CB1331DB96EF4001AF6C5 /* Resources */,
				64D37F21BB3131B0696DD2FB /* [CP] Embed Pods Frameworks */,
				9BD90EC222642F6FBB9808FA /* [CP] Copy Pods Resources */,
			);
			buildRules = (
			);
			dependencies = (
			);
			name = MetaCogApp;
			productName = MetaCogApp;
			productReference = CC9CB1351DB96EF4001AF6C5 /* MetaCogApp.app */;
			productType = "com.apple.product-type.application";
		};
/* End PBXNativeTarget section */

/* Begin PBXProject section */
		CC9CB12D1DB96EF3001AF6C5 /* Project object */ = {
			isa = PBXProject;
			attributes = {
				LastSwiftUpdateCheck = 0800;
				LastUpgradeCheck = 0810;
				ORGANIZATIONNAME = PielDeJaguar;
				TargetAttributes = {
					CC9CB1341DB96EF4001AF6C5 = {
						CreatedOnToolsVersion = 8.0;
						DevelopmentTeam = TRR5Q7F2CV;
						ProvisioningStyle = Automatic;
						SystemCapabilities = {
							com.apple.Keychain = {
								enabled = 1;
							};
						};
					};
				};
			};
			buildConfigurationList = CC9CB1301DB96EF3001AF6C5 /* Build configuration list for PBXProject "MetaCogApp" */;
			compatibilityVersion = "Xcode 3.2";
			developmentRegion = English;
			hasScannedForEncodings = 0;
			knownRegions = (
				en,
				Base,
			);
			mainGroup = CC9CB12C1DB96EF3001AF6C5;
			productRefGroup = CC9CB1361DB96EF4001AF6C5 /* Products */;
			projectDirPath = "";
			projectRoot = "";
			targets = (
				CC9CB1341DB96EF4001AF6C5 /* MetaCogApp */,
			);
		};
/* End PBXProject section */

/* Begin PBXResourcesBuildPhase section */
		CC9CB1331DB96EF4001AF6C5 /* Resources */ = {
			isa = PBXResourcesBuildPhase;
			buildActionMask = 2147483647;
			files = (
				CC9CB1431DB96EF4001AF6C5 /* LaunchScreen.storyboard in Resources */,
				CCC876241DB985C500F93E81 /* GoogleService-Info.plist in Resources */,
				CC9CB1401DB96EF4001AF6C5 /* Assets.xcassets in Resources */,
				CC9CB13E1DB96EF4001AF6C5 /* Main.storyboard in Resources */,
			);
			runOnlyForDeploymentPostprocessing = 0;
		};
/* End PBXResourcesBuildPhase section */

/* Begin PBXShellScriptBuildPhase section */
		64D37F21BB3131B0696DD2FB /* [CP] Embed Pods Frameworks */ = {
			isa = PBXShellScriptBuildPhase;
			buildActionMask = 2147483647;
			files = (
			);
			inputPaths = (
			);
			name = "[CP] Embed Pods Frameworks";
			outputPaths = (
			);
			runOnlyForDeploymentPostprocessing = 0;
			shellPath = /bin/sh;
			shellScript = "\"${SRCROOT}/Pods/Target Support Files/Pods-MetaCogApp/Pods-MetaCogApp-frameworks.sh\"\n";
			showEnvVarsInLog = 0;
		};
		66CDE70C521789E3FB5388B5 /* [CP] Check Pods Manifest.lock */ = {
			isa = PBXShellScriptBuildPhase;
			buildActionMask = 2147483647;
			files = (
			);
			inputPaths = (
			);
			name = "[CP] Check Pods Manifest.lock";
			outputPaths = (
			);
			runOnlyForDeploymentPostprocessing = 0;
			shellPath = /bin/sh;
			shellScript = "diff \"${PODS_ROOT}/../Podfile.lock\" \"${PODS_ROOT}/Manifest.lock\" > /dev/null\nif [ $? != 0 ] ; then\n    # print error to STDERR\n    echo \"error: The sandbox is not in sync with the Podfile.lock. Run 'pod install' or update your CocoaPods installation.\" >&2\n    exit 1\nfi\n";
			showEnvVarsInLog = 0;
		};
		9BD90EC222642F6FBB9808FA /* [CP] Copy Pods Resources */ = {
			isa = PBXShellScriptBuildPhase;
			buildActionMask = 2147483647;
			files = (
			);
			inputPaths = (
			);
			name = "[CP] Copy Pods Resources";
			outputPaths = (
			);
			runOnlyForDeploymentPostprocessing = 0;
			shellPath = /bin/sh;
			shellScript = "\"${SRCROOT}/Pods/Target Support Files/Pods-MetaCogApp/Pods-MetaCogApp-resources.sh\"\n";
			showEnvVarsInLog = 0;
		};
/* End PBXShellScriptBuildPhase section */

/* Begin PBXSourcesBuildPhase section */
		CC9CB1311DB96EF4001AF6C5 /* Sources */ = {
			isa = PBXSourcesBuildPhase;
			buildActionMask = 2147483647;
			files = (
				CCC876221DB9796C00F93E81 /* CustomPostCell.swift in Sources */,
				CC9CB14B1DB973FB001AF6C5 /* MainViewController.swift in Sources */,
				CC9CB13B1DB96EF4001AF6C5 /* ViewController.swift in Sources */,
				CCC876271DB9879F00F93E81 /* User.swift in Sources */,
				C6434F531DBD6DBC00DB7FB9 /* PostsAndCommentsController.swift in Sources */,
				CC9CB1391DB96EF4001AF6C5 /* AppDelegate.swift in Sources */,
				C6FE37201DC5481F0044981B /* ProfileViewController.swift in Sources */,
				C6434F551DBD74E800DB7FB9 /* Posts.swift in Sources */,
				C6FB88651DC00E9000AA160E /* CommentCell.swift in Sources */,
			);
			runOnlyForDeploymentPostprocessing = 0;
		};
/* End PBXSourcesBuildPhase section */

/* Begin PBXVariantGroup section */
		CC9CB13C1DB96EF4001AF6C5 /* Main.storyboard */ = {
			isa = PBXVariantGroup;
			children = (
				CC9CB13D1DB96EF4001AF6C5 /* Base */,
			);
			name = Main.storyboard;
			sourceTree = "<group>";
		};
		CC9CB1411DB96EF4001AF6C5 /* LaunchScreen.storyboard */ = {
			isa = PBXVariantGroup;
			children = (
				CC9CB1421DB96EF4001AF6C5 /* Base */,
			);
			name = LaunchScreen.storyboard;
			sourceTree = "<group>";
		};
/* End PBXVariantGroup section */

/* Begin XCBuildConfiguration section */
		CC9CB1451DB96EF4001AF6C5 /* Debug */ = {
			isa = XCBuildConfiguration;
			buildSettings = {
				ALWAYS_SEARCH_USER_PATHS = NO;
				CLANG_ANALYZER_NONNULL = YES;
				CLANG_CXX_LANGUAGE_STANDARD = "gnu++0x";
				CLANG_CXX_LIBRARY = "libc++";
				CLANG_ENABLE_MODULES = YES;
				CLANG_ENABLE_OBJC_ARC = YES;
				CLANG_WARN_BOOL_CONVERSION = YES;
				CLANG_WARN_CONSTANT_CONVERSION = YES;
				CLANG_WARN_DIRECT_OBJC_ISA_USAGE = YES_ERROR;
				CLANG_WARN_DOCUMENTATION_COMMENTS = YES;
				CLANG_WARN_EMPTY_BODY = YES;
				CLANG_WARN_ENUM_CONVERSION = YES;
				CLANG_WARN_INFINITE_RECURSION = YES;
				CLANG_WARN_INT_CONVERSION = YES;
				CLANG_WARN_OBJC_ROOT_CLASS = YES_ERROR;
				CLANG_WARN_SUSPICIOUS_MOVE = YES;
				CLANG_WARN_SUSPICIOUS_MOVES = YES;
				CLANG_WARN_UNREACHABLE_CODE = YES;
				CLANG_WARN__DUPLICATE_METHOD_MATCH = YES;
				"CODE_SIGN_IDENTITY[sdk=iphoneos*]" = "iPhone Developer";
				COPY_PHASE_STRIP = NO;
				DEBUG_INFORMATION_FORMAT = dwarf;
				ENABLE_STRICT_OBJC_MSGSEND = YES;
				ENABLE_TESTABILITY = YES;
				GCC_C_LANGUAGE_STANDARD = gnu99;
				GCC_DYNAMIC_NO_PIC = NO;
				GCC_NO_COMMON_BLOCKS = YES;
				GCC_OPTIMIZATION_LEVEL = 0;
				GCC_PREPROCESSOR_DEFINITIONS = (
					"DEBUG=1",
					"$(inherited)",
				);
				GCC_WARN_64_TO_32_BIT_CONVERSION = YES;
				GCC_WARN_ABOUT_RETURN_TYPE = YES_ERROR;
				GCC_WARN_UNDECLARED_SELECTOR = YES;
				GCC_WARN_UNINITIALIZED_AUTOS = YES_AGGRESSIVE;
				GCC_WARN_UNUSED_FUNCTION = YES;
				GCC_WARN_UNUSED_VARIABLE = YES;
				IPHONEOS_DEPLOYMENT_TARGET = 10.0;
				MTL_ENABLE_DEBUG_INFO = YES;
				ONLY_ACTIVE_ARCH = YES;
				SDKROOT = iphoneos;
				SWIFT_ACTIVE_COMPILATION_CONDITIONS = DEBUG;
				SWIFT_OPTIMIZATION_LEVEL = "-Onone";
				TARGETED_DEVICE_FAMILY = "1,2";
			};
			name = Debug;
		};
		CC9CB1461DB96EF4001AF6C5 /* Release */ = {
			isa = XCBuildConfiguration;
			buildSettings = {
				ALWAYS_SEARCH_USER_PATHS = NO;
				CLANG_ANALYZER_NONNULL = YES;
				CLANG_CXX_LANGUAGE_STANDARD = "gnu++0x";
				CLANG_CXX_LIBRARY = "libc++";
				CLANG_ENABLE_MODULES = YES;
				CLANG_ENABLE_OBJC_ARC = YES;
				CLANG_WARN_BOOL_CONVERSION = YES;
				CLANG_WARN_CONSTANT_CONVERSION = YES;
				CLANG_WARN_DIRECT_OBJC_ISA_USAGE = YES_ERROR;
				CLANG_WARN_DOCUMENTATION_COMMENTS = YES;
				CLANG_WARN_EMPTY_BODY = YES;
				CLANG_WARN_ENUM_CONVERSION = YES;
				CLANG_WARN_INFINITE_RECURSION = YES;
				CLANG_WARN_INT_CONVERSION = YES;
				CLANG_WARN_OBJC_ROOT_CLASS = YES_ERROR;
				CLANG_WARN_SUSPICIOUS_MOVE = YES;
				CLANG_WARN_SUSPICIOUS_MOVES = YES;
				CLANG_WARN_UNREACHABLE_CODE = YES;
				CLANG_WARN__DUPLICATE_METHOD_MATCH = YES;
				"CODE_SIGN_IDENTITY[sdk=iphoneos*]" = "iPhone Developer";
				COPY_PHASE_STRIP = NO;
				DEBUG_INFORMATION_FORMAT = "dwarf-with-dsym";
				ENABLE_NS_ASSERTIONS = NO;
				ENABLE_STRICT_OBJC_MSGSEND = YES;
				GCC_C_LANGUAGE_STANDARD = gnu99;
				GCC_NO_COMMON_BLOCKS = YES;
				GCC_WARN_64_TO_32_BIT_CONVERSION = YES;
				GCC_WARN_ABOUT_RETURN_TYPE = YES_ERROR;
				GCC_WARN_UNDECLARED_SELECTOR = YES;
				GCC_WARN_UNINITIALIZED_AUTOS = YES_AGGRESSIVE;
				GCC_WARN_UNUSED_FUNCTION = YES;
				GCC_WARN_UNUSED_VARIABLE = YES;
				IPHONEOS_DEPLOYMENT_TARGET = 10.0;
				MTL_ENABLE_DEBUG_INFO = NO;
				SDKROOT = iphoneos;
				SWIFT_OPTIMIZATION_LEVEL = "-Owholemodule";
				TARGETED_DEVICE_FAMILY = "1,2";
				VALIDATE_PRODUCT = YES;
			};
			name = Release;
		};
		CC9CB1481DB96EF4001AF6C5 /* Debug */ = {
			isa = XCBuildConfiguration;
			baseConfigurationReference = 7042ACC78A75E08F9C9FE7A6 /* Pods-MetaCogApp.debug.xcconfig */;
			buildSettings = {
				ASSETCATALOG_COMPILER_APPICON_NAME = AppIcon;
				CODE_SIGN_ENTITLEMENTS = MetaCogApp/MetaCogApp.entitlements;
				DEVELOPMENT_TEAM = TRR5Q7F2CV;
				INFOPLIST_FILE = MetaCogApp/Info.plist;
				LD_RUNPATH_SEARCH_PATHS = "$(inherited) @executable_path/Frameworks";
				PRODUCT_BUNDLE_IDENTIFIER = com.PielDeJaguar.MetaCogApp;
				PRODUCT_NAME = "$(TARGET_NAME)";
				SWIFT_VERSION = 3.0;
			};
			name = Debug;
		};
		CC9CB1491DB96EF4001AF6C5 /* Release */ = {
			isa = XCBuildConfiguration;
			baseConfigurationReference = F34473064C9430DC2E620D50 /* Pods-MetaCogApp.release.xcconfig */;
			buildSettings = {
				ASSETCATALOG_COMPILER_APPICON_NAME = AppIcon;
				CODE_SIGN_ENTITLEMENTS = MetaCogApp/MetaCogApp.entitlements;
				DEVELOPMENT_TEAM = TRR5Q7F2CV;
				INFOPLIST_FILE = MetaCogApp/Info.plist;
				LD_RUNPATH_SEARCH_PATHS = "$(inherited) @executable_path/Frameworks";
				PRODUCT_BUNDLE_IDENTIFIER = com.PielDeJaguar.MetaCogApp;
				PRODUCT_NAME = "$(TARGET_NAME)";
				SWIFT_VERSION = 3.0;
			};
			name = Release;
		};
/* End XCBuildConfiguration section */

/* Begin XCConfigurationList section */
		CC9CB1301DB96EF3001AF6C5 /* Build configuration list for PBXProject "MetaCogApp" */ = {
			isa = XCConfigurationList;
			buildConfigurations = (
				CC9CB1451DB96EF4001AF6C5 /* Debug */,
				CC9CB1461DB96EF4001AF6C5 /* Release */,
			);
			defaultConfigurationIsVisible = 0;
			defaultConfigurationName = Release;
		};
		CC9CB1471DB96EF4001AF6C5 /* Build configuration list for PBXNativeTarget "MetaCogApp" */ = {
			isa = XCConfigurationList;
			buildConfigurations = (
				CC9CB1481DB96EF4001AF6C5 /* Debug */,
				CC9CB1491DB96EF4001AF6C5 /* Release */,
			);
			defaultConfigurationIsVisible = 0;
			defaultConfigurationName = Release;
		};
/* End XCConfigurationList section */
	};
	rootObject = CC9CB12D1DB96EF3001AF6C5 /* Project object */;
}
